
Microsoft Visual Studio Solution File, Format Version 12.00
# Visual Studio Version 16
VisualStudioVersion = 16.0.31129.286
MinimumVisualStudioVersion = 10.0.40219.1
Project("{9A19103F-16F7-4668-BE54-9A1E7A4F7556}") = "CountryInfo", "CountryInfo\CountryInfo.csproj", "{E73CF0B1-2EEA-4193-BFB1-6A949B95B8A9}"
EndProject
Project("{2150E333-8FDC-42A3-9474-1A3956D46DE8}") = "Solution Items", "Solution Items", "{A482EE50-081D-4507-B5CB-875EC070FA43}"
	ProjectSection(SolutionItems) = preProject
		.gitignore = .gitignore
	EndProjectSection
EndProject
Project("{FAE04EC0-301F-11D3-BF4B-00C04F79EFBC}") = "TestCountryInfo", "TestCountryInfo\TestCountryInfo.csproj", "{961DA50C-EA6A-4949-A9A3-FB3B77E4CE73}"
EndProject
Global
	GlobalSection(SolutionConfigurationPlatforms) = preSolution
		Debug|Any CPU = Debug|Any CPU
		Release|Any CPU = Release|Any CPU
	EndGlobalSection
	GlobalSection(ProjectConfigurationPlatforms) = postSolution
		{E73CF0B1-2EEA-4193-BFB1-6A949B95B8A9}.Debug|Any CPU.ActiveCfg = Debug|Any CPU
		{E73CF0B1-2EEA-4193-BFB1-6A949B95B8A9}.Debug|Any CPU.Build.0 = Debug|Any CPU
		{E73CF0B1-2EEA-4193-BFB1-6A949B95B8A9}.Release|Any CPU.ActiveCfg = Release|Any CPU
		{E73CF0B1-2EEA-4193-BFB1-6A949B95B8A9}.Release|Any CPU.Build.0 = Release|Any CPU
		{961DA50C-EA6A-4949-A9A3-FB3B77E4CE73}.Debug|Any CPU.ActiveCfg = Debug|Any CPU
		{961DA50C-EA6A-4949-A9A3-FB3B77E4CE73}.Debug|Any CPU.Build.0 = Debug|Any CPU
		{961DA50C-EA6A-4949-A9A3-FB3B77E4CE73}.Release|Any CPU.ActiveCfg = Release|Any CPU
		{961DA50C-EA6A-4949-A9A3-FB3B77E4CE73}.Release|Any CPU.Build.0 = Release|Any CPU
	EndGlobalSection
	GlobalSection(SolutionProperties) = preSolution
		HideSolutionNode = FALSE
	EndGlobalSection
	GlobalSection(ExtensibilityGlobals) = postSolution
		SolutionGuid = {9FC049FE-CABF-4231-B2B9-E4EBBB51103F}
	EndGlobalSection
EndGlobal
